
Microsoft Visual Studio Solution File, Format Version 12.00
# Visual Studio Version 16
VisualStudioVersion = 16.0.32929.386
MinimumVisualStudioVersion = 10.0.40219.1
Project("{FAE04EC0-301F-11D3-BF4B-00C04F79EFBC}") = "image move", "image move\image move.csproj", "{4C207309-201D-4FD2-9DC6-F89EBB624AE9}"
EndProject
Global
	GlobalSection(SolutionConfigurationPlatforms) = preSolution
		Debug|Any CPU = Debug|Any CPU
		Release|Any CPU = Release|Any CPU
	EndGlobalSection
	GlobalSection(ProjectConfigurationPlatforms) = postSolution
		{4C207309-201D-4FD2-9DC6-F89EBB624AE9}.Debug|Any CPU.ActiveCfg = Debug|Any CPU
		{4C207309-201D-4FD2-9DC6-F89EBB624AE9}.Debug|Any CPU.Build.0 = Debug|Any CPU
		{4C207309-201D-4FD2-9DC6-F89EBB624AE9}.Release|Any CPU.ActiveCfg = Release|Any CPU
		{4C207309-201D-4FD2-9DC6-F89EBB624AE9}.Release|Any CPU.Build.0 = Release|Any CPU
	EndGlobalSection
	GlobalSection(SolutionProperties) = preSolution
		HideSolutionNode = FALSE
	EndGlobalSection
	GlobalSection(ExtensibilityGlobals) = postSolution
		SolutionGuid = {B414864D-6119-4B10-8636-E97A571B8D2B}
	EndGlobalSection
EndGlobal
